
Microsoft Visual Studio Solution File, Format Version 12.00
# Visual Studio 14
VisualStudioVersion = 14.0.24720.0
MinimumVisualStudioVersion = 10.0.40219.1
Project("{FAE04EC0-301F-11D3-BF4B-00C04F79EFBC}") = "PlayersGuide2.29A", "PlayersGuide2.29A\PlayersGuide2.29A.csproj", "{2EA98889-A908-42BE-A22C-57CD4532AFCC}"
EndProject
Global
	GlobalSection(SolutionConfigurationPlatforms) = preSolution
		Debug|Any CPU = Debug|Any CPU
		Release|Any CPU = Release|Any CPU
	EndGlobalSection
	GlobalSection(ProjectConfigurationPlatforms) = postSolution
		{2EA98889-A908-42BE-A22C-57CD4532AFCC}.Debug|Any CPU.ActiveCfg = Debug|Any CPU
		{2EA98889-A908-42BE-A22C-57CD4532AFCC}.Debug|Any CPU.Build.0 = Debug|Any CPU
		{2EA98889-A908-42BE-A22C-57CD4532AFCC}.Release|Any CPU.ActiveCfg = Release|Any CPU
		{2EA98889-A908-42BE-A22C-57CD4532AFCC}.Release|Any CPU.Build.0 = Release|Any CPU
	EndGlobalSection
	GlobalSection(SolutionProperties) = preSolution
		HideSolutionNode = FALSE
	EndGlobalSection
EndGlobal
